NeoBundleLock indentLine 4e4964d148f552bdec8c4271ed94d77eaa6c7543
NeoBundleLock neobundle.vim 26d03781886ed887e390d4ad8b935987754b1c2c
NeoBundleLock neocomplcache 778181767467b8f8016828898779a646074d883a
NeoBundleLock neosnippet 924e01541c02e974cf848a2ffdafaf29aac94d54
NeoBundleLock neosnippet-snippets 03025b5da18133aded976a8c45e16c6ce6eb36c3
NeoBundleLock nerdtree 9af083a6d13b7d86f94f43de18d42b6e212f8dbe
NeoBundleLock syntastic d17b98cff364730af34fd853fbbe4fbbae226a3d
NeoBundleLock verilog_systemverilog.vim 9626ac2f6ab5546a4bfcf604af31f1e59be3922e
NeoBundleLock vim-autoclose a9a3b7384657bc1f60a963fd6c08c63fc48d61c3
NeoBundleLock vim-commentary 7f2127b1dfc57811112785985b46ff2289d72334
NeoBundleLock vim-endwise 1f76f7a1aebac3510c0f6c7f28be5572ea56d19c
NeoBundleLock vim-quickrun 825f9f195521646f7001f10cad8627c48017311f
NeoBundleLock vimproc 2300224d366642f4f8d6f88861535d4ccbe20143
NeoBundleLock vimshell 03bf7673a5098918a533000d67dca97546695237
